
Microsoft Visual Studio Solution File, Format Version 12.00
# Visual Studio 15
VisualStudioVersion = 15.0.27428.2043
MinimumVisualStudioVersion = 10.0.40219.1
Project("{FAE04EC0-301F-11D3-BF4B-00C04F79EFBC}") = "CryptoPrices", "CryptoPrices\CryptoPrices.csproj", "{EE990A32-420B-483F-B9CE-47EDFB34271F}"
EndProject
Global
	GlobalSection(SolutionConfigurationPlatforms) = preSolution
		Debug|Any CPU = Debug|Any CPU
		Release|Any CPU = Release|Any CPU
	EndGlobalSection
	GlobalSection(ProjectConfigurationPlatforms) = postSolution
		{EE990A32-420B-483F-B9CE-47EDFB34271F}.Debug|Any CPU.ActiveCfg = Debug|Any CPU
		{EE990A32-420B-483F-B9CE-47EDFB34271F}.Debug|Any CPU.Build.0 = Debug|Any CPU
		{EE990A32-420B-483F-B9CE-47EDFB34271F}.Release|Any CPU.ActiveCfg = Release|Any CPU
		{EE990A32-420B-483F-B9CE-47EDFB34271F}.Release|Any CPU.Build.0 = Release|Any CPU
	EndGlobalSection
	GlobalSection(SolutionProperties) = preSolution
		HideSolutionNode = FALSE
	EndGlobalSection
	GlobalSection(ExtensibilityGlobals) = postSolution
		SolutionGuid = {CEB11DEB-1C9E-4063-B0BB-458F9B149E68}
	EndGlobalSection
EndGlobal
